
Microsoft Visual Studio Solution File, Format Version 12.00
# Visual Studio 15
VisualStudioVersion = 15.0.26124.0
MinimumVisualStudioVersion = 15.0.26124.0
Project("{FAE04EC0-301F-11D3-BF4B-00C04F79EFBC}") = "MusicAppApi.Api", "MusicAppApi.Api\MusicAppApi.Api.csproj", "{6DABB8A5-52E6-43D4-A944-204D02A61525}"
EndProject
Project("{FAE04EC0-301F-11D3-BF4B-00C04F79EFBC}") = "MusicAppApi.Entities", "MusicAppApi.Entities\MusicAppApi.Entities.csproj", "{D5BDCFF0-E668-4BBC-98DA-7DCB3EED17B8}"
EndProject
Project("{FAE04EC0-301F-11D3-BF4B-00C04F79EFBC}") = "MusicAppApi.Repository", "MusicAppApi.Repository\MusicAppApi.Repository.csproj", "{B63A275E-26DE-4BEB-AB50-52089AD4A5C4}"
EndProject
Project("{FAE04EC0-301F-11D3-BF4B-00C04F79EFBC}") = "MusicAppApi.Services", "MusicAppApi.Services\MusicAppApi.Services.csproj", "{77E04F82-BA56-4FE2-8E09-20BA2FCB61AB}"
EndProject
Project("{FAE04EC0-301F-11D3-BF4B-00C04F79EFBC}") = "MusicAppApi.Tests", "MusicAppApi.Tests\MusicAppApi.Tests.csproj", "{6B53AF9B-4503-4107-B049-D4DAC7271F60}"
EndProject
Global
	GlobalSection(SolutionConfigurationPlatforms) = preSolution
		Debug|Any CPU = Debug|Any CPU
		Debug|x64 = Debug|x64
		Debug|x86 = Debug|x86
		Release|Any CPU = Release|Any CPU
		Release|x64 = Release|x64
		Release|x86 = Release|x86
	EndGlobalSection
	GlobalSection(SolutionProperties) = preSolution
		HideSolutionNode = FALSE
	EndGlobalSection
	GlobalSection(ProjectConfigurationPlatforms) = postSolution
		{6DABB8A5-52E6-43D4-A944-204D02A61525}.Debug|Any CPU.ActiveCfg = Debug|Any CPU
		{6DABB8A5-52E6-43D4-A944-204D02A61525}.Debug|Any CPU.Build.0 = Debug|Any CPU
		{6DABB8A5-52E6-43D4-A944-204D02A61525}.Debug|x64.ActiveCfg = Debug|Any CPU
		{6DABB8A5-52E6-43D4-A944-204D02A61525}.Debug|x64.Build.0 = Debug|Any CPU
		{6DABB8A5-52E6-43D4-A944-204D02A61525}.Debug|x86.ActiveCfg = Debug|Any CPU
		{6DABB8A5-52E6-43D4-A944-204D02A61525}.Debug|x86.Build.0 = Debug|Any CPU
		{6DABB8A5-52E6-43D4-A944-204D02A61525}.Release|Any CPU.ActiveCfg = Release|Any CPU
		{6DABB8A5-52E6-43D4-A944-204D02A61525}.Release|Any CPU.Build.0 = Release|Any CPU
		{6DABB8A5-52E6-43D4-A944-204D02A61525}.Release|x64.ActiveCfg = Release|Any CPU
		{6DABB8A5-52E6-43D4-A944-204D02A61525}.Release|x64.Build.0 = Release|Any CPU
		{6DABB8A5-52E6-43D4-A944-204D02A61525}.Release|x86.ActiveCfg = Release|Any CPU
		{6DABB8A5-52E6-43D4-A944-204D02A61525}.Release|x86.Build.0 = Release|Any CPU
		{D5BDCFF0-E668-4BBC-98DA-7DCB3EED17B8}.Debug|Any CPU.ActiveCfg = Debug|Any CPU
		{D5BDCFF0-E668-4BBC-98DA-7DCB3EED17B8}.Debug|Any CPU.Build.0 = Debug|Any CPU
		{D5BDCFF0-E668-4BBC-98DA-7DCB3EED17B8}.Debug|x64.ActiveCfg = Debug|Any CPU
		{D5BDCFF0-E668-4BBC-98DA-7DCB3EED17B8}.Debug|x64.Build.0 = Debug|Any CPU
		{D5BDCFF0-E668-4BBC-98DA-7DCB3EED17B8}.Debug|x86.ActiveCfg = Debug|Any CPU
		{D5BDCFF0-E668-4BBC-98DA-7DCB3EED17B8}.Debug|x86.Build.0 = Debug|Any CPU
		{D5BDCFF0-E668-4BBC-98DA-7DCB3EED17B8}.Release|Any CPU.ActiveCfg = Release|Any CPU
		{D5BDCFF0-E668-4BBC-98DA-7DCB3EED17B8}.Release|Any CPU.Build.0 = Release|Any CPU
		{D5BDCFF0-E668-4BBC-98DA-7DCB3EED17B8}.Release|x64.ActiveCfg = Release|Any CPU
		{D5BDCFF0-E668-4BBC-98DA-7DCB3EED17B8}.Release|x64.Build.0 = Release|Any CPU
		{D5BDCFF0-E668-4BBC-98DA-7DCB3EED17B8}.Release|x86.ActiveCfg = Release|Any CPU
		{D5BDCFF0-E668-4BBC-98DA-7DCB3EED17B8}.Release|x86.Build.0 = Release|Any CPU
		{B63A275E-26DE-4BEB-AB50-52089AD4A5C4}.Debug|Any CPU.ActiveCfg = Debug|Any CPU
		{B63A275E-26DE-4BEB-AB50-52089AD4A5C4}.Debug|Any CPU.Build.0 = Debug|Any CPU
		{B63A275E-26DE-4BEB-AB50-52089AD4A5C4}.Debug|x64.ActiveCfg = Debug|Any CPU
		{B63A275E-26DE-4BEB-AB50-52089AD4A5C4}.Debug|x64.Build.0 = Debug|Any CPU
		{B63A275E-26DE-4BEB-AB50-52089AD4A5C4}.Debug|x86.ActiveCfg = Debug|Any CPU
		{B63A275E-26DE-4BEB-AB50-52089AD4A5C4}.Debug|x86.Build.0 = Debug|Any CPU
		{B63A275E-26DE-4BEB-AB50-52089AD4A5C4}.Release|Any CPU.ActiveCfg = Release|Any CPU
		{B63A275E-26DE-4BEB-AB50-52089AD4A5C4}.Release|Any CPU.Build.0 = Release|Any CPU
		{B63A275E-26DE-4BEB-AB50-52089AD4A5C4}.Release|x64.ActiveCfg = Release|Any CPU
		{B63A275E-26DE-4BEB-AB50-52089AD4A5C4}.Release|x64.Build.0 = Release|Any CPU
		{B63A275E-26DE-4BEB-AB50-52089AD4A5C4}.Release|x86.ActiveCfg = Release|Any CPU
		{B63A275E-26DE-4BEB-AB50-52089AD4A5C4}.Release|x86.Build.0 = Release|Any CPU
		{77E04F82-BA56-4FE2-8E09-20BA2FCB61AB}.Debug|Any CPU.ActiveCfg = Debug|Any CPU
		{77E04F82-BA56-4FE2-8E09-20BA2FCB61AB}.Debug|Any CPU.Build.0 = Debug|Any CPU
		{77E04F82-BA56-4FE2-8E09-20BA2FCB61AB}.Debug|x64.ActiveCfg = Debug|Any CPU
		{77E04F82-BA56-4FE2-8E09-20BA2FCB61AB}.Debug|x64.Build.0 = Debug|Any CPU
		{77E04F82-BA56-4FE2-8E09-20BA2FCB61AB}.Debug|x86.ActiveCfg = Debug|Any CPU
		{77E04F82-BA56-4FE2-8E09-20BA2FCB61AB}.Debug|x86.Build.0 = Debug|Any CPU
		{77E04F82-BA56-4FE2-8E09-20BA2FCB61AB}.Release|Any CPU.ActiveCfg = Release|Any CPU
		{77E04F82-BA56-4FE2-8E09-20BA2FCB61AB}.Release|Any CPU.Build.0 = Release|Any CPU
		{77E04F82-BA56-4FE2-8E09-20BA2FCB61AB}.Release|x64.ActiveCfg = Release|Any CPU
		{77E04F82-BA56-4FE2-8E09-20BA2FCB61AB}.Release|x64.Build.0 = Release|Any CPU
		{77E04F82-BA56-4FE2-8E09-20BA2FCB61AB}.Release|x86.ActiveCfg = Release|Any CPU
		{77E04F82-BA56-4FE2-8E09-20BA2FCB61AB}.Release|x86.Build.0 = Release|Any CPU
		{6B53AF9B-4503-4107-B049-D4DAC7271F60}.Debug|Any CPU.ActiveCfg = Debug|Any CPU
		{6B53AF9B-4503-4107-B049-D4DAC7271F60}.Debug|Any CPU.Build.0 = Debug|Any CPU
		{6B53AF9B-4503-4107-B049-D4DAC7271F60}.Debug|x64.ActiveCfg = Debug|Any CPU
		{6B53AF9B-4503-4107-B049-D4DAC7271F60}.Debug|x64.Build.0 = Debug|Any CPU
		{6B53AF9B-4503-4107-B049-D4DAC7271F60}.Debug|x86.ActiveCfg = Debug|Any CPU
		{6B53AF9B-4503-4107-B049-D4DAC7271F60}.Debug|x86.Build.0 = Debug|Any CPU
		{6B53AF9B-4503-4107-B049-D4DAC7271F60}.Release|Any CPU.ActiveCfg = Release|Any CPU
		{6B53AF9B-4503-4107-B049-D4DAC7271F60}.Release|Any CPU.Build.0 = Release|Any CPU
		{6B53AF9B-4503-4107-B049-D4DAC7271F60}.Release|x64.ActiveCfg = Release|Any CPU
		{6B53AF9B-4503-4107-B049-D4DAC7271F60}.Release|x64.Build.0 = Release|Any CPU
		{6B53AF9B-4503-4107-B049-D4DAC7271F60}.Release|x86.ActiveCfg = Release|Any CPU
		{6B53AF9B-4503-4107-B049-D4DAC7271F60}.Release|x86.Build.0 = Release|Any CPU
	EndGlobalSection
EndGlobal
